// !$*UTF8*$!
{
	archiveVersion = 1;
	classes = {
	};
	objectVersion = 50;
	objects = {

/* Begin PBXBuildFile section */
		0CFEE88922A5D49E00FDAF74 /* AppDelegate.swift in Sources */ = {isa = PBXBuildFile; fileRef = 0CFEE88822A5D49E00FDAF74 /* AppDelegate.swift */; };
		0CFEE88E22A5D49E00FDAF74 /* Main.storyboard in Resources */ = {isa = PBXBuildFile; fileRef = 0CFEE88C22A5D49E00FDAF74 /* Main.storyboard */; };
		0CFEE89022A5D49F00FDAF74 /* Assets.xcassets in Resources */ = {isa = PBXBuildFile; fileRef = 0CFEE88F22A5D49F00FDAF74 /* Assets.xcassets */; };
		0CFEE89322A5D49F00FDAF74 /* LaunchScreen.storyboard in Resources */ = {isa = PBXBuildFile; fileRef = 0CFEE89122A5D49F00FDAF74 /* LaunchScreen.storyboard */; };
		0CFEE89D22A5D58E00FDAF74 /* Entry.swift in Sources */ = {isa = PBXBuildFile; fileRef = 0CFEE89C22A5D58E00FDAF74 /* Entry.swift */; };
		0CFEE8A022A5D71900FDAF74 /* EntryController.swift in Sources */ = {isa = PBXBuildFile; fileRef = 0CFEE89F22A5D71900FDAF74 /* EntryController.swift */; };
		0CFEE8A322A5E3D900FDAF74 /* EntryListTableViewController.swift in Sources */ = {isa = PBXBuildFile; fileRef = 0CFEE8A222A5E3D900FDAF74 /* EntryListTableViewController.swift */; };
/* End PBXBuildFile section */

/* Begin PBXFileReference section */
		0CFEE88522A5D49E00FDAF74 /* cKJournal.app */ = {isa = PBXFileReference; explicitFileType = wrapper.application; includeInIndex = 0; path = cKJournal.app; sourceTree = BUILT_PRODUCTS_DIR; };
		0CFEE88822A5D49E00FDAF74 /* AppDelegate.swift */ = {isa = PBXFileReference; lastKnownFileType = sourcecode.swift; path = AppDelegate.swift; sourceTree = "<group>"; };
		0CFEE88D22A5D49E00FDAF74 /* Base */ = {isa = PBXFileReference; lastKnownFileType = file.storyboard; name = Base; path = Base.lproj/Main.storyboard; sourceTree = "<group>"; };
		0CFEE88F22A5D49F00FDAF74 /* Assets.xcassets */ = {isa = PBXFileReference; lastKnownFileType = folder.assetcatalog; path = Assets.xcassets; sourceTree = "<group>"; };
		0CFEE89222A5D49F00FDAF74 /* Base */ = {isa = PBXFileReference; lastKnownFileType = file.storyboard; name = Base; path = Base.lproj/LaunchScreen.storyboard; sourceTree = "<group>"; };
		0CFEE89422A5D49F00FDAF74 /* Info.plist */ = {isa = PBXFileReference; lastKnownFileType = text.plist.xml; path = Info.plist; sourceTree = "<group>"; };
		0CFEE89C22A5D58E00FDAF74 /* Entry.swift */ = {isa = PBXFileReference; lastKnownFileType = sourcecode.swift; path = Entry.swift; sourceTree = "<group>"; };
		0CFEE89F22A5D71900FDAF74 /* EntryController.swift */ = {isa = PBXFileReference; lastKnownFileType = sourcecode.swift; path = EntryController.swift; sourceTree = "<group>"; };
		0CFEE8A222A5E3D900FDAF74 /* EntryListTableViewController.swift */ = {isa = PBXFileReference; lastKnownFileType = sourcecode.swift; path = EntryListTableViewController.swift; sourceTree = "<group>"; };
/* End PBXFileReference section */

/* Begin PBXFrameworksBuildPhase section */
		0CFEE88222A5D49E00FDAF74 /* Frameworks */ = {
			isa = PBXFrameworksBuildPhase;
			buildActionMask = 2147483647;
			files = (
			);
			runOnlyForDeploymentPostprocessing = 0;
		};
/* End PBXFrameworksBuildPhase section */

/* Begin PBXGroup section */
		0CFEE87C22A5D49E00FDAF74 = {
			isa = PBXGroup;
			children = (
				0CFEE88722A5D49E00FDAF74 /* cKJournal */,
				0CFEE88622A5D49E00FDAF74 /* Products */,
			);
			sourceTree = "<group>";
		};
		0CFEE88622A5D49E00FDAF74 /* Products */ = {
			isa = PBXGroup;
			children = (
				0CFEE88522A5D49E00FDAF74 /* cKJournal.app */,
			);
			name = Products;
			sourceTree = "<group>";
		};
		0CFEE88722A5D49E00FDAF74 /* cKJournal */ = {
			isa = PBXGroup;
			children = (
				0CFEE89A22A5D4C100FDAF74 /* Resources */,
				0CFEE89B22A5D50F00FDAF74 /* Storyboards */,
				0CFEE89E22A5D59300FDAF74 /* Model */,
				0CFEE8A122A5D72000FDAF74 /* ModelController */,
				0CFEE8A422A5E3DF00FDAF74 /* ViewControllers */,
			);
			path = cKJournal;
			sourceTree = "<group>";
		};
		0CFEE89A22A5D4C100FDAF74 /* Resources */ = {
			isa = PBXGroup;
			children = (
				0CFEE88822A5D49E00FDAF74 /* AppDelegate.swift */,
				0CFEE88F22A5D49F00FDAF74 /* Assets.xcassets */,
				0CFEE89422A5D49F00FDAF74 /* Info.plist */,
			);
			path = Resources;
			sourceTree = "<group>";
		};
		0CFEE89B22A5D50F00FDAF74 /* Storyboards */ = {
			isa = PBXGroup;
			children = (
				0CFEE88C22A5D49E00FDAF74 /* Main.storyboard */,
				0CFEE89122A5D49F00FDAF74 /* LaunchScreen.storyboard */,
			);
			path = Storyboards;
			sourceTree = "<group>";
		};
		0CFEE89E22A5D59300FDAF74 /* Model */ = {
			isa = PBXGroup;
			children = (
				0CFEE89C22A5D58E00FDAF74 /* Entry.swift */,
			);
			path = Model;
			sourceTree = "<group>";
		};
		0CFEE8A122A5D72000FDAF74 /* ModelController */ = {
			isa = PBXGroup;
			children = (
				0CFEE89F22A5D71900FDAF74 /* EntryController.swift */,
			);
			path = ModelController;
			sourceTree = "<group>";
		};
		0CFEE8A422A5E3DF00FDAF74 /* ViewControllers */ = {
			isa = PBXGroup;
			children = (
				0CFEE8A222A5E3D900FDAF74 /* EntryListTableViewController.swift */,
			);
			path = ViewControllers;
			sourceTree = "<group>";
		};
/* End PBXGroup section */

/* Begin PBXNativeTarget section */
		0CFEE88422A5D49E00FDAF74 /* cKJournal */ = {
			isa = PBXNativeTarget;
			buildConfigurationList = 0CFEE89722A5D49F00FDAF74 /* Build configuration list for PBXNativeTarget "cKJournal" */;
			buildPhases = (
				0CFEE88122A5D49E00FDAF74 /* Sources */,
				0CFEE88222A5D49E00FDAF74 /* Frameworks */,
				0CFEE88322A5D49E00FDAF74 /* Resources */,
			);
			buildRules = (
			);
			dependencies = (
			);
			name = cKJournal;
			productName = cKJournal;
			productReference = 0CFEE88522A5D49E00FDAF74 /* cKJournal.app */;
			productType = "com.apple.product-type.application";
		};
/* End PBXNativeTarget section */

/* Begin PBXProject section */
		0CFEE87D22A5D49E00FDAF74 /* Project object */ = {
			isa = PBXProject;
			attributes = {
				LastSwiftUpdateCheck = 1020;
				LastUpgradeCheck = 1020;
				ORGANIZATIONNAME = "Austin West";
				TargetAttributes = {
					0CFEE88422A5D49E00FDAF74 = {
						CreatedOnToolsVersion = 10.2.1;
					};
				};
			};
			buildConfigurationList = 0CFEE88022A5D49E00FDAF74 /* Build configuration list for PBXProject "cKJournal" */;
			compatibilityVersion = "Xcode 9.3";
			developmentRegion = en;
			hasScannedForEncodings = 0;
			knownRegions = (
				en,
				Base,
			);
			mainGroup = 0CFEE87C22A5D49E00FDAF74;
			productRefGroup = 0CFEE88622A5D49E00FDAF74 /* Products */;
			projectDirPath = "";
			projectRoot = "";
			targets = (
				0CFEE88422A5D49E00FDAF74 /* cKJournal */,
			);
		};
/* End PBXProject section */

/* Begin PBXResourcesBuildPhase section */
		0CFEE88322A5D49E00FDAF74 /* Resources */ = {
			isa = PBXResourcesBuildPhase;
			buildActionMask = 2147483647;
			files = (
				0CFEE89322A5D49F00FDAF74 /* LaunchScreen.storyboard in Resources */,
				0CFEE89022A5D49F00FDAF74 /* Assets.xcassets in Resources */,
				0CFEE88E22A5D49E00FDAF74 /* Main.storyboard in Resources */,
			);
			runOnlyForDeploymentPostprocessing = 0;
		};
/* End PBXResourcesBuildPhase section */

/* Begin PBXSourcesBuildPhase section */
		0CFEE88122A5D49E00FDAF74 /* Sources */ = {
			isa = PBXSourcesBuildPhase;
			buildActionMask = 2147483647;
			files = (
				0CFEE8A022A5D71900FDAF74 /* EntryController.swift in Sources */,
				0CFEE89D22A5D58E00FDAF74 /* Entry.swift in Sources */,
				0CFEE8A322A5E3D900FDAF74 /* EntryListTableViewController.swift in Sources */,
				0CFEE88922A5D49E00FDAF74 /* AppDelegate.swift in Sources */,
			);
			runOnlyForDeploymentPostprocessing = 0;
		};
/* End PBXSourcesBuildPhase section */

/* Begin PBXVariantGroup section */
		0CFEE88C22A5D49E00FDAF74 /* Main.storyboard */ = {
			isa = PBXVariantGroup;
			children = (
				0CFEE88D22A5D49E00FDAF74 /* Base */,
			);
			name = Main.storyboard;
			sourceTree = "<group>";
		};
		0CFEE89122A5D49F00FDAF74 /* LaunchScreen.storyboard */ = {
			isa = PBXVariantGroup;
			children = (
				0CFEE89222A5D49F00FDAF74 /* Base */,
			);
			name = LaunchScreen.storyboard;
			sourceTree = "<group>";
		};
/* End PBXVariantGroup section */

/* Begin XCBuildConfiguration section */
		0CFEE89522A5D49F00FDAF74 /* Debug */ = {
			isa = XCBuildConfiguration;
			buildSettings = {
				ALWAYS_SEARCH_USER_PATHS = NO;
				CLANG_ANALYZER_NONNULL = YES;
				CLANG_ANALYZER_NUMBER_OBJECT_CONVERSION = YES_AGGRESSIVE;
				CLANG_CXX_LANGUAGE_STANDARD = "gnu++14";
				CLANG_CXX_LIBRARY = "libc++";
				CLANG_ENABLE_MODULES = YES;
				CLANG_ENABLE_OBJC_ARC = YES;
				CLANG_ENABLE_OBJC_WEAK = YES;
				CLANG_WARN_BLOCK_CAPTURE_AUTORELEASING = YES;
				CLANG_WARN_BOOL_CONVERSION = YES;
				CLANG_WARN_COMMA = YES;
				CLANG_WARN_CONSTANT_CONVERSION = YES;
				CLANG_WARN_DEPRECATED_OBJC_IMPLEMENTATIONS = YES;
				CLANG_WARN_DIRECT_OBJC_ISA_USAGE = YES_ERROR;
				CLANG_WARN_DOCUMENTATION_COMMENTS = YES;
				CLANG_WARN_EMPTY_BODY = YES;
				CLANG_WARN_ENUM_CONVERSION = YES;
				CLANG_WARN_INFINITE_RECURSION = YES;
				CLANG_WARN_INT_CONVERSION = YES;
				CLANG_WARN_NON_LITERAL_NULL_CONVERSION = YES;
				CLANG_WARN_OBJC_IMPLICIT_RETAIN_SELF = YES;
				CLANG_WARN_OBJC_LITERAL_CONVERSION = YES;
				CLANG_WARN_OBJC_ROOT_CLASS = YES_ERROR;
				CLANG_WARN_RANGE_LOOP_ANALYSIS = YES;
				CLANG_WARN_STRICT_PROTOTYPES = YES;
				CLANG_WARN_SUSPICIOUS_MOVE = YES;
				CLANG_WARN_UNGUARDED_AVAILABILITY = YES_AGGRESSIVE;
				CLANG_WARN_UNREACHABLE_CODE = YES;
				CLANG_WARN__DUPLICATE_METHOD_MATCH = YES;
				CODE_SIGN_IDENTITY = "iPhone Developer";
				COPY_PHASE_STRIP = NO;
				DEBUG_INFORMATION_FORMAT = dwarf;
				ENABLE_STRICT_OBJC_MSGSEND = YES;
				ENABLE_TESTABILITY = YES;
				GCC_C_LANGUAGE_STANDARD = gnu11;
				GCC_DYNAMIC_NO_PIC = NO;
				GCC_NO_COMMON_BLOCKS = YES;
				GCC_OPTIMIZATION_LEVEL = 0;
				GCC_PREPROCESSOR_DEFINITIONS = (
					"DEBUG=1",
					"$(inherited)",
				);
				GCC_WARN_64_TO_32_BIT_CONVERSION = YES;
				GCC_WARN_ABOUT_RETURN_TYPE = YES_ERROR;
				GCC_WARN_UNDECLARED_SELECTOR = YES;
				GCC_WARN_UNINITIALIZED_AUTOS = YES_AGGRESSIVE;
				GCC_WARN_UNUSED_FUNCTION = YES;
				GCC_WARN_UNUSED_VARIABLE = YES;
				IPHONEOS_DEPLOYMENT_TARGET = 12.2;
				MTL_ENABLE_DEBUG_INFO = INCLUDE_SOURCE;
				MTL_FAST_MATH = YES;
				ONLY_ACTIVE_ARCH = YES;
				SDKROOT = iphoneos;
				SWIFT_ACTIVE_COMPILATION_CONDITIONS = DEBUG;
				SWIFT_OPTIMIZATION_LEVEL = "-Onone";
			};
			name = Debug;
		};
		0CFEE89622A5D49F00FDAF74 /* Release */ = {
			isa = XCBuildConfiguration;
			buildSettings = {
				ALWAYS_SEARCH_USER_PATHS = NO;
				CLANG_ANALYZER_NONNULL = YES;
				CLANG_ANALYZER_NUMBER_OBJECT_CONVERSION = YES_AGGRESSIVE;
				CLANG_CXX_LANGUAGE_STANDARD = "gnu++14";
				CLANG_CXX_LIBRARY = "libc++";
				CLANG_ENABLE_MODULES = YES;
				CLANG_ENABLE_OBJC_ARC = YES;
				CLANG_ENABLE_OBJC_WEAK = YES;
				CLANG_WARN_BLOCK_CAPTURE_AUTORELEASING = YES;
				CLANG_WARN_BOOL_CONVERSION = YES;
				CLANG_WARN_COMMA = YES;
				CLANG_WARN_CONSTANT_CONVERSION = YES;
				CLANG_WARN_DEPRECATED_OBJC_IMPLEMENTATIONS = YES;
				CLANG_WARN_DIRECT_OBJC_ISA_USAGE = YES_ERROR;
				CLANG_WARN_DOCUMENTATION_COMMENTS = YES;
				CLANG_WARN_EMPTY_BODY = YES;
				CLANG_WARN_ENUM_CONVERSION = YES;
				CLANG_WARN_INFINITE_RECURSION = YES;
				CLANG_WARN_INT_CONVERSION = YES;
				CLANG_WARN_NON_LITERAL_NULL_CONVERSION = YES;
				CLANG_WARN_OBJC_IMPLICIT_RETAIN_SELF = YES;
				CLANG_WARN_OBJC_LITERAL_CONVERSION = YES;
				CLANG_WARN_OBJC_ROOT_CLASS = YES_ERROR;
				CLANG_WARN_RANGE_LOOP_ANALYSIS = YES;
				CLANG_WARN_STRICT_PROTOTYPES = YES;
				CLANG_WARN_SUSPICIOUS_MOVE = YES;
				CLANG_WARN_UNGUARDED_AVAILABILITY = YES_AGGRESSIVE;
				CLANG_WARN_UNREACHABLE_CODE = YES;
				CLANG_WARN__DUPLICATE_METHOD_MATCH = YES;
				CODE_SIGN_IDENTITY = "iPhone Developer";
				COPY_PHASE_STRIP = NO;
				DEBUG_INFORMATION_FORMAT = "dwarf-with-dsym";
				ENABLE_NS_ASSERTIONS = NO;
				ENABLE_STRICT_OBJC_MSGSEND = YES;
				GCC_C_LANGUAGE_STANDARD = gnu11;
				GCC_NO_COMMON_BLOCKS = YES;
				GCC_WARN_64_TO_32_BIT_CONVERSION = YES;
				GCC_WARN_ABOUT_RETURN_TYPE = YES_ERROR;
				GCC_WARN_UNDECLARED_SELECTOR = YES;
				GCC_WARN_UNINITIALIZED_AUTOS = YES_AGGRESSIVE;
				GCC_WARN_UNUSED_FUNCTION = YES;
				GCC_WARN_UNUSED_VARIABLE = YES;
				IPHONEOS_DEPLOYMENT_TARGET = 12.2;
				MTL_ENABLE_DEBUG_INFO = NO;
				MTL_FAST_MATH = YES;
				SDKROOT = iphoneos;
				SWIFT_COMPILATION_MODE = wholemodule;
				SWIFT_OPTIMIZATION_LEVEL = "-O";
				VALIDATE_PRODUCT = YES;
			};
			name = Release;
		};
		0CFEE89822A5D49F00FDAF74 /* Debug */ = {
			isa = XCBuildConfiguration;
			buildSettings = {
				ASSETCATALOG_COMPILER_APPICON_NAME = AppIcon;
				CODE_SIGN_STYLE = Automatic;
				DEVELOPMENT_TEAM = 5Z9AZ3J86W;
				INFOPLIST_FILE = "$(SRCROOT)/cKJournal/Resources/Info.plist";
				LD_RUNPATH_SEARCH_PATHS = (
					"$(inherited)",
					"@executable_path/Frameworks",
				);
				PRODUCT_BUNDLE_IDENTIFIER = com.AustinWest.cKJournal;
				PRODUCT_NAME = "$(TARGET_NAME)";
				SWIFT_VERSION = 5.0;
				TARGETED_DEVICE_FAMILY = "1,2";
			};
			name = Debug;
		};
		0CFEE89922A5D49F00FDAF74 /* Release */ = {
			isa = XCBuildConfiguration;
			buildSettings = {
				ASSETCATALOG_COMPILER_APPICON_NAME = AppIcon;
				CODE_SIGN_STYLE = Automatic;
				DEVELOPMENT_TEAM = 5Z9AZ3J86W;
				INFOPLIST_FILE = "$(SRCROOT)/cKJournal/Resources/Info.plist";
				LD_RUNPATH_SEARCH_PATHS = (
					"$(inherited)",
					"@executable_path/Frameworks",
				);
				PRODUCT_BUNDLE_IDENTIFIER = com.AustinWest.cKJournal;
				PRODUCT_NAME = "$(TARGET_NAME)";
				SWIFT_VERSION = 5.0;
				TARGETED_DEVICE_FAMILY = "1,2";
			};
			name = Release;
		};
/* End XCBuildConfiguration section */

/* Begin XCConfigurationList section */
		0CFEE88022A5D49E00FDAF74 /* Build configuration list for PBXProject "cKJournal" */ = {
			isa = XCConfigurationList;
			buildConfigurations = (
				0CFEE89522A5D49F00FDAF74 /* Debug */,
				0CFEE89622A5D49F00FDAF74 /* Release */,
			);
			defaultConfigurationIsVisible = 0;
			defaultConfigurationName = Release;
		};
		0CFEE89722A5D49F00FDAF74 /* Build configuration list for PBXNativeTarget "cKJournal" */ = {
			isa = XCConfigurationList;
			buildConfigurations = (
				0CFEE89822A5D49F00FDAF74 /* Debug */,
				0CFEE89922A5D49F00FDAF74 /* Release */,
			);
			defaultConfigurationIsVisible = 0;
			defaultConfigurationName = Release;
		};
/* End XCConfigurationList section */
	};
	rootObject = 0CFEE87D22A5D49E00FDAF74 /* Project object */;
}
